
Microsoft Visual Studio Solution File, Format Version 12.00
# Visual Studio Version 17
VisualStudioVersion = 17.1.32210.238
MinimumVisualStudioVersion = 10.0.40219.1
Project("{FAE04EC0-301F-11D3-BF4B-00C04F79EFBC}") = "Autoclicker", "Autoclicker\Autoclicker.csproj", "{523E933A-5BEC-4550-B5C5-4C2DB219CEA3}"
EndProject
Global
	GlobalSection(SolutionConfigurationPlatforms) = preSolution
		Debug|Any CPU = Debug|Any CPU
		Release|Any CPU = Release|Any CPU
	EndGlobalSection
	GlobalSection(ProjectConfigurationPlatforms) = postSolution
		{523E933A-5BEC-4550-B5C5-4C2DB219CEA3}.Debug|Any CPU.ActiveCfg = Debug|Any CPU
		{523E933A-5BEC-4550-B5C5-4C2DB219CEA3}.Debug|Any CPU.Build.0 = Debug|Any CPU
		{523E933A-5BEC-4550-B5C5-4C2DB219CEA3}.Release|Any CPU.ActiveCfg = Release|Any CPU
		{523E933A-5BEC-4550-B5C5-4C2DB219CEA3}.Release|Any CPU.Build.0 = Release|Any CPU
	EndGlobalSection
	GlobalSection(SolutionProperties) = preSolution
		HideSolutionNode = FALSE
	EndGlobalSection
	GlobalSection(ExtensibilityGlobals) = postSolution
		SolutionGuid = {C559A9AD-6643-4CB4-A124-411AA277E913}
	EndGlobalSection
EndGlobal
